<Solution>
  <Project Path="HttpClientTwoAplication/HttpClientTwoAplication.csproj" Id="2fb24c1a-a7f1-40e6-9edf-bf74ca4637c8" />
  <Project Path="NetNetworkHttpWelcomeApp/NetNetworkHttpWelcomeApp.csproj" />
  <Project Path="WebServerApplication/WebServerApplication.csproj" />
  <Project Path="WebServerTwoApplication/WebServerTwoApplication.csproj" Id="06520919-f801-4adb-b482-30f5e179a4a4" />
</Solution>
